
Microsoft Visual Studio Solution File, Format Version 12.00
# Visual Studio 14
VisualStudioVersion = 14.0.24720.0
MinimumVisualStudioVersion = 10.0.40219.1
Project("{FAE04EC0-301F-11D3-BF4B-00C04F79EFBC}") = "TheGildedRose", "TheGildedRose\TheGildedRose.csproj", "{67949BE0-A895-4BEE-BB93-60C4F5781328}"
EndProject
Project("{FAE04EC0-301F-11D3-BF4B-00C04F79EFBC}") = "TheGildedRose.Tests", "TheGildedRose.Tests\TheGildedRose.Tests.csproj", "{707B3BD4-7DA9-4F15-AF19-7C8ABAEEE2B3}"
EndProject
Global
	GlobalSection(SolutionConfigurationPlatforms) = preSolution
		Debug|Any CPU = Debug|Any CPU
		Release|Any CPU = Release|Any CPU
	EndGlobalSection
	GlobalSection(ProjectConfigurationPlatforms) = postSolution
		{67949BE0-A895-4BEE-BB93-60C4F5781328}.Debug|Any CPU.ActiveCfg = Debug|Any CPU
		{67949BE0-A895-4BEE-BB93-60C4F5781328}.Debug|Any CPU.Build.0 = Debug|Any CPU
		{67949BE0-A895-4BEE-BB93-60C4F5781328}.Release|Any CPU.ActiveCfg = Release|Any CPU
		{67949BE0-A895-4BEE-BB93-60C4F5781328}.Release|Any CPU.Build.0 = Release|Any CPU
		{707B3BD4-7DA9-4F15-AF19-7C8ABAEEE2B3}.Debug|Any CPU.ActiveCfg = Debug|Any CPU
		{707B3BD4-7DA9-4F15-AF19-7C8ABAEEE2B3}.Debug|Any CPU.Build.0 = Debug|Any CPU
		{707B3BD4-7DA9-4F15-AF19-7C8ABAEEE2B3}.Release|Any CPU.ActiveCfg = Release|Any CPU
		{707B3BD4-7DA9-4F15-AF19-7C8ABAEEE2B3}.Release|Any CPU.Build.0 = Release|Any CPU
	EndGlobalSection
	GlobalSection(SolutionProperties) = preSolution
		HideSolutionNode = FALSE
	EndGlobalSection
EndGlobal
